PODS:
  - AFNetworking (3.1.0):
    - AFNetworking/NSURLSession (= 3.1.0)
    - AFNetworking/Reachability (= 3.1.0)
    - AFNetworking/Security (= 3.1.0)
    - AFNetworking/Serialization (= 3.1.0)
    - AFNetworking/UIKit (= 3.1.0)
  - AFNetworking/NSURLSession (3.1.0):
    - AFNetworking/Reachability
    - AFNetworking/Security
    - AFNetworking/Serialization
  - AFNetworking/Reachability (3.1.0)
  - AFNetworking/Security (3.1.0)
  - AFNetworking/Serialization (3.1.0)
  - AFNetworking/UIKit (3.1.0):
    - AFNetworking/NSURLSession
  - DOUAudioStreamer (0.2.15)
  - GVUserDefaults (1.0.2)
  - NAKPlaybackIndicatorView (0.0.3)
  - Socket.IO-Client-Swift (6.1.1)

DEPENDENCIES:
  - AFNetworking (~> 3.0)
  - DOUAudioStreamer
  - GVUserDefaults
  - NAKPlaybackIndicatorView
  - Socket.IO-Client-Swift

SPEC CHECKSUMS:
  AFNetworking: 5e0e199f73d8626b11e79750991f5d173d1f8b67
  DOUAudioStreamer: 14f217bab01b52171fc2bd7d96e1f8fdd50fce68
  GVUserDefaults: 52d48cf8ba578b40a1a76312b196dfc9134ba36a
  NAKPlaybackIndicatorView: 794dd97576fe074bb1844c19ebcbf7509384a47f
  Socket.IO-Client-Swift: 86a3744e1da181a4078a24a632bd3acc34b9f1f5

PODFILE CHECKSUM: 684472d97f080f5bea2f208271b44ee80721257a

COCOAPODS: 1.0.0
